
Microsoft Visual Studio Solution File, Format Version 12.00
# Visual Studio 14
VisualStudioVersion = 14.0.24720.0
MinimumVisualStudioVersion = 10.0.40219.1
Project("{2150E333-8FDC-42A3-9474-1A3956D46DE8}") = "PythogorasSquare.Web", "PythogorasSquare.Web", "{3E2CD666-C43F-4F6C-8F17-8E47CE0D88ED}"
EndProject
Project("{2150E333-8FDC-42A3-9474-1A3956D46DE8}") = "PythogorasSquare.Clients", "PythogorasSquare.Clients", "{158D4ED0-7CF2-4710-BFDA-24B841887D14}"
EndProject
Project("{FAE04EC0-301F-11D3-BF4B-00C04F79EFBC}") = "PythogorasSquare.Web.DomainModel", "PythogorasSquare.Web.DomainModel\PythogorasSquare.Web.DomainModel.csproj", "{20EDF188-67AE-419A-BF0D-5866417016CF}"
EndProject
Project("{2150E333-8FDC-42A3-9474-1A3956D46DE8}") = "PythogorasSquare", "PythogorasSquare", "{BB32A255-7714-420F-BE59-1461CB11822F}"
EndProject
Project("{FAE04EC0-301F-11D3-BF4B-00C04F79EFBC}") = "PythogorasSquare.Repositories", "PythogorasSquare.Repositories\PythogorasSquare.Repositories.csproj", "{53C4EEED-C357-4135-8684-2D61D5BBD7B6}"
EndProject
Project("{FAE04EC0-301F-11D3-BF4B-00C04F79EFBC}") = "PythogorasSquare.Web.Repositories", "PythogorasSquare.Web.Repositories\PythogorasSquare.Web.Repositories.csproj", "{F0868DAB-EC9F-4B4F-88D2-E1147319F25B}"
EndProject
Project("{FAE04EC0-301F-11D3-BF4B-00C04F79EFBC}") = "PythogorasSquare.Web.Foundation", "PythogorasSquare.Web.Foundation\PythogorasSquare.Web.Foundation.csproj", "{852D2DE2-FFC6-4351-BF56-2D73627C8B92}"
EndProject
Project("{FAE04EC0-301F-11D3-BF4B-00C04F79EFBC}") = "PythogorasSquare.Web.API", "PythogorasSquare.Web.API\PythogorasSquare.Web.API.csproj", "{CA978572-88FE-42AF-AC30-2A7C2E01F9FE}"
EndProject
Project("{FAE04EC0-301F-11D3-BF4B-00C04F79EFBC}") = "PythogorasSquare.Common", "PythogorasSquare.Common\PythogorasSquare.Common.csproj", "{E75DA810-5996-410D-BF16-662479A4803A}"
EndProject
Global
	GlobalSection(SolutionConfigurationPlatforms) = preSolution
		Debug|Any CPU = Debug|Any CPU
		Release|Any CPU = Release|Any CPU
	EndGlobalSection
	GlobalSection(ProjectConfigurationPlatforms) = postSolution
		{20EDF188-67AE-419A-BF0D-5866417016CF}.Debug|Any CPU.ActiveCfg = Debug|Any CPU
		{20EDF188-67AE-419A-BF0D-5866417016CF}.Debug|Any CPU.Build.0 = Debug|Any CPU
		{20EDF188-67AE-419A-BF0D-5866417016CF}.Release|Any CPU.ActiveCfg = Release|Any CPU
		{20EDF188-67AE-419A-BF0D-5866417016CF}.Release|Any CPU.Build.0 = Release|Any CPU
		{53C4EEED-C357-4135-8684-2D61D5BBD7B6}.Debug|Any CPU.ActiveCfg = Debug|Any CPU
		{53C4EEED-C357-4135-8684-2D61D5BBD7B6}.Debug|Any CPU.Build.0 = Debug|Any CPU
		{53C4EEED-C357-4135-8684-2D61D5BBD7B6}.Release|Any CPU.ActiveCfg = Release|Any CPU
		{53C4EEED-C357-4135-8684-2D61D5BBD7B6}.Release|Any CPU.Build.0 = Release|Any CPU
		{F0868DAB-EC9F-4B4F-88D2-E1147319F25B}.Debug|Any CPU.ActiveCfg = Debug|Any CPU
		{F0868DAB-EC9F-4B4F-88D2-E1147319F25B}.Debug|Any CPU.Build.0 = Debug|Any CPU
		{F0868DAB-EC9F-4B4F-88D2-E1147319F25B}.Release|Any CPU.ActiveCfg = Release|Any CPU
		{F0868DAB-EC9F-4B4F-88D2-E1147319F25B}.Release|Any CPU.Build.0 = Release|Any CPU
		{852D2DE2-FFC6-4351-BF56-2D73627C8B92}.Debug|Any CPU.ActiveCfg = Debug|Any CPU
		{852D2DE2-FFC6-4351-BF56-2D73627C8B92}.Debug|Any CPU.Build.0 = Debug|Any CPU
		{852D2DE2-FFC6-4351-BF56-2D73627C8B92}.Release|Any CPU.ActiveCfg = Release|Any CPU
		{852D2DE2-FFC6-4351-BF56-2D73627C8B92}.Release|Any CPU.Build.0 = Release|Any CPU
		{CA978572-88FE-42AF-AC30-2A7C2E01F9FE}.Debug|Any CPU.ActiveCfg = Debug|Any CPU
		{CA978572-88FE-42AF-AC30-2A7C2E01F9FE}.Debug|Any CPU.Build.0 = Debug|Any CPU
		{CA978572-88FE-42AF-AC30-2A7C2E01F9FE}.Release|Any CPU.ActiveCfg = Release|Any CPU
		{CA978572-88FE-42AF-AC30-2A7C2E01F9FE}.Release|Any CPU.Build.0 = Release|Any CPU
		{E75DA810-5996-410D-BF16-662479A4803A}.Debug|Any CPU.ActiveCfg = Debug|Any CPU
		{E75DA810-5996-410D-BF16-662479A4803A}.Debug|Any CPU.Build.0 = Debug|Any CPU
		{E75DA810-5996-410D-BF16-662479A4803A}.Release|Any CPU.ActiveCfg = Release|Any CPU
		{E75DA810-5996-410D-BF16-662479A4803A}.Release|Any CPU.Build.0 = Release|Any CPU
	EndGlobalSection
	GlobalSection(SolutionProperties) = preSolution
		HideSolutionNode = FALSE
	EndGlobalSection
	GlobalSection(NestedProjects) = preSolution
		{20EDF188-67AE-419A-BF0D-5866417016CF} = {3E2CD666-C43F-4F6C-8F17-8E47CE0D88ED}
		{53C4EEED-C357-4135-8684-2D61D5BBD7B6} = {BB32A255-7714-420F-BE59-1461CB11822F}
		{F0868DAB-EC9F-4B4F-88D2-E1147319F25B} = {3E2CD666-C43F-4F6C-8F17-8E47CE0D88ED}
		{852D2DE2-FFC6-4351-BF56-2D73627C8B92} = {3E2CD666-C43F-4F6C-8F17-8E47CE0D88ED}
		{CA978572-88FE-42AF-AC30-2A7C2E01F9FE} = {3E2CD666-C43F-4F6C-8F17-8E47CE0D88ED}
		{E75DA810-5996-410D-BF16-662479A4803A} = {BB32A255-7714-420F-BE59-1461CB11822F}
	EndGlobalSection
EndGlobal
