
Microsoft Visual Studio Solution File, Format Version 12.00
# Visual Studio 14
VisualStudioVersion = 14.0.24720.0
MinimumVisualStudioVersion = 10.0.40219.1
Project("{2150E333-8FDC-42A3-9474-1A3956D46DE8}") = "PythogorasSquare.Web", "PythogorasSquare.Web", "{3E2CD666-C43F-4F6C-8F17-8E47CE0D88ED}"
EndProject
Project("{2150E333-8FDC-42A3-9474-1A3956D46DE8}") = "PythogorasSquare.Clients", "PythogorasSquare.Clients", "{158D4ED0-7CF2-4710-BFDA-24B841887D14}"
EndProject
Project("{FAE04EC0-301F-11D3-BF4B-00C04F79EFBC}") = "PythogorasSquare.Web.DomainModel", "PythogorasSquare.Web.DomainModel\PythogorasSquare.Web.DomainModel.csproj", "{20EDF188-67AE-419A-BF0D-5866417016CF}"
EndProject
Project("{2150E333-8FDC-42A3-9474-1A3956D46DE8}") = "PythogorasSquare", "PythogorasSquare", "{BB32A255-7714-420F-BE59-1461CB11822F}"
EndProject
Project("{FAE04EC0-301F-11D3-BF4B-00C04F79EFBC}") = "PythogorasSquare.Repositories", "PythogorasSquare.Repositories\PythogorasSquare.Repositories.csproj", "{53C4EEED-C357-4135-8684-2D61D5BBD7B6}"
EndProject
Project("{FAE04EC0-301F-11D3-BF4B-00C04F79EFBC}") = "PythogorasSquare.Web.Repositories", "PythogorasSquare.Web.Repositories\PythogorasSquare.Web.Repositories.csproj", "{F0868DAB-EC9F-4B4F-88D2-E1147319F25B}"
EndProject
Project("{FAE04EC0-301F-11D3-BF4B-00C04F79EFBC}") = "PythogorasSquare.Web.Foundation", "PythogorasSquare.Web.Foundation\PythogorasSquare.Web.Foundation.csproj", "{852D2DE2-FFC6-4351-BF56-2D73627C8B92}"
EndProject
Project("{FAE04EC0-301F-11D3-BF4B-00C04F79EFBC}") = "PythogorasSquare.Web.API", "PythogorasSquare.Web.API\PythogorasSquare.Web.API.csproj", "{CA978572-88FE-42AF-AC30-2A7C2E01F9FE}"
EndProject
Project("{2150E333-8FDC-42A3-9474-1A3956D46DE8}") = "UWP", "UWP", "{CC8E13B4-8CAB-4B66-8A7D-C628F13C1879}"
EndProject
Project("{FAE04EC0-301F-11D3-BF4B-00C04F79EFBC}") = "PythogorasSquare.Clients.UWP", "PythogorasSquare.Clients.UWP\PythogorasSquare.Clients.UWP.csproj", "{1C5EABCC-5032-443C-9E29-3FCE59F2D56A}"
EndProject
Project("{FAE04EC0-301F-11D3-BF4B-00C04F79EFBC}") = "PythogorasSquare.Clients.UWP.Wpf", "PythogorasSquare.Clients.UWP.Wpf\PythogorasSquare.Clients.UWP.Wpf.csproj", "{AF5FF1E7-AB58-4888-ADC3-B05A6F038DC8}"
EndProject
Project("{FAE04EC0-301F-11D3-BF4B-00C04F79EFBC}") = "PythogorasSquare.Clients.UWP.Ui", "PythogorasSquare.Clients.UWP.Ui\PythogorasSquare.Clients.UWP.Ui.csproj", "{82C6473D-A67C-4F91-964D-6FD94A9E170E}"
EndProject
Project("{FAE04EC0-301F-11D3-BF4B-00C04F79EFBC}") = "PythogorasSquare.Common", "PythogorasSquare.Common\PythogorasSquare.Common.csproj", "{D089D46D-8CC2-4C81-9A08-08529C5FD3BB}"
EndProject
Project("{FAE04EC0-301F-11D3-BF4B-00C04F79EFBC}") = "PythogorasSquare.Clients.ServiceClients", "PythogorasSquare.Clients.ServiceClients\PythogorasSquare.Clients.ServiceClients.csproj", "{DB87A6DD-6626-4B72-BD03-D14DF72C2CD1}"
EndProject
Project("{FAE04EC0-301F-11D3-BF4B-00C04F79EFBC}") = "PythogorasSquare.Foundation", "PythogorasSquare.Foundation\PythogorasSquare.Foundation.csproj", "{7D5E34E0-91AE-4EA0-8D97-CA6C90453E62}"
EndProject
Project("{FAE04EC0-301F-11D3-BF4B-00C04F79EFBC}") = "PythogorasSquare.Clients.Foundation", "PythogorasSquare.Clients.Foundation\PythogorasSquare.Clients.Foundation.csproj", "{63ACA4E4-F730-4326-ABC1-DAE647F247AA}"
EndProject
Project("{FAE04EC0-301F-11D3-BF4B-00C04F79EFBC}") = "PythogorasSquare.Clients.Ui", "PythogorasSquare.Clients.Ui\PythogorasSquare.Clients.Ui.csproj", "{B806CA82-A7D9-4D75-AE8A-5ADF9E37A93B}"
EndProject
Project("{FAE04EC0-301F-11D3-BF4B-00C04F79EFBC}") = "PythogorasSquare.Clients.Resources", "PythogorasSquare.Clients.Resources\PythogorasSquare.Clients.Resources.csproj", "{E0E23763-9020-4DA0-9839-49D64E88AF03}"
EndProject
Project("{FAE04EC0-301F-11D3-BF4B-00C04F79EFBC}") = "PythogorasSquare.Client.Store.Configuration", "PythogorasSquare.Client.Store.Configuration\PythogorasSquare.Client.Store.Configuration.csproj", "{70F742AA-404E-4480-85AF-99556D58937F}"
EndProject
Global
	GlobalSection(SolutionConfigurationPlatforms) = preSolution
		Debug|Any CPU = Debug|Any CPU
		Debug|ARM = Debug|ARM
		Debug|x64 = Debug|x64
		Debug|x86 = Debug|x86
		Release|Any CPU = Release|Any CPU
		Release|ARM = Release|ARM
		Release|x64 = Release|x64
		Release|x86 = Release|x86
	EndGlobalSection
	GlobalSection(ProjectConfigurationPlatforms) = postSolution
		{20EDF188-67AE-419A-BF0D-5866417016CF}.Debug|Any CPU.ActiveCfg = Debug|Any CPU
		{20EDF188-67AE-419A-BF0D-5866417016CF}.Debug|Any CPU.Build.0 = Debug|Any CPU
		{20EDF188-67AE-419A-BF0D-5866417016CF}.Debug|ARM.ActiveCfg = Debug|Any CPU
		{20EDF188-67AE-419A-BF0D-5866417016CF}.Debug|ARM.Build.0 = Debug|Any CPU
		{20EDF188-67AE-419A-BF0D-5866417016CF}.Debug|x64.ActiveCfg = Debug|Any CPU
		{20EDF188-67AE-419A-BF0D-5866417016CF}.Debug|x64.Build.0 = Debug|Any CPU
		{20EDF188-67AE-419A-BF0D-5866417016CF}.Debug|x86.ActiveCfg = Debug|Any CPU
		{20EDF188-67AE-419A-BF0D-5866417016CF}.Debug|x86.Build.0 = Debug|Any CPU
		{20EDF188-67AE-419A-BF0D-5866417016CF}.Release|Any CPU.ActiveCfg = Release|Any CPU
		{20EDF188-67AE-419A-BF0D-5866417016CF}.Release|Any CPU.Build.0 = Release|Any CPU
		{20EDF188-67AE-419A-BF0D-5866417016CF}.Release|ARM.ActiveCfg = Release|Any CPU
		{20EDF188-67AE-419A-BF0D-5866417016CF}.Release|ARM.Build.0 = Release|Any CPU
		{20EDF188-67AE-419A-BF0D-5866417016CF}.Release|x64.ActiveCfg = Release|Any CPU
		{20EDF188-67AE-419A-BF0D-5866417016CF}.Release|x64.Build.0 = Release|Any CPU
		{20EDF188-67AE-419A-BF0D-5866417016CF}.Release|x86.ActiveCfg = Release|Any CPU
		{20EDF188-67AE-419A-BF0D-5866417016CF}.Release|x86.Build.0 = Release|Any CPU
		{53C4EEED-C357-4135-8684-2D61D5BBD7B6}.Debug|Any CPU.ActiveCfg = Debug|Any CPU
		{53C4EEED-C357-4135-8684-2D61D5BBD7B6}.Debug|Any CPU.Build.0 = Debug|Any CPU
		{53C4EEED-C357-4135-8684-2D61D5BBD7B6}.Debug|ARM.ActiveCfg = Debug|Any CPU
		{53C4EEED-C357-4135-8684-2D61D5BBD7B6}.Debug|ARM.Build.0 = Debug|Any CPU
		{53C4EEED-C357-4135-8684-2D61D5BBD7B6}.Debug|x64.ActiveCfg = Debug|Any CPU
		{53C4EEED-C357-4135-8684-2D61D5BBD7B6}.Debug|x64.Build.0 = Debug|Any CPU
		{53C4EEED-C357-4135-8684-2D61D5BBD7B6}.Debug|x86.ActiveCfg = Debug|Any CPU
		{53C4EEED-C357-4135-8684-2D61D5BBD7B6}.Debug|x86.Build.0 = Debug|Any CPU
		{53C4EEED-C357-4135-8684-2D61D5BBD7B6}.Release|Any CPU.ActiveCfg = Release|Any CPU
		{53C4EEED-C357-4135-8684-2D61D5BBD7B6}.Release|Any CPU.Build.0 = Release|Any CPU
		{53C4EEED-C357-4135-8684-2D61D5BBD7B6}.Release|ARM.ActiveCfg = Release|Any CPU
		{53C4EEED-C357-4135-8684-2D61D5BBD7B6}.Release|ARM.Build.0 = Release|Any CPU
		{53C4EEED-C357-4135-8684-2D61D5BBD7B6}.Release|x64.ActiveCfg = Release|Any CPU
		{53C4EEED-C357-4135-8684-2D61D5BBD7B6}.Release|x64.Build.0 = Release|Any CPU
		{53C4EEED-C357-4135-8684-2D61D5BBD7B6}.Release|x86.ActiveCfg = Release|Any CPU
		{53C4EEED-C357-4135-8684-2D61D5BBD7B6}.Release|x86.Build.0 = Release|Any CPU
		{F0868DAB-EC9F-4B4F-88D2-E1147319F25B}.Debug|Any CPU.ActiveCfg = Debug|Any CPU
		{F0868DAB-EC9F-4B4F-88D2-E1147319F25B}.Debug|Any CPU.Build.0 = Debug|Any CPU
		{F0868DAB-EC9F-4B4F-88D2-E1147319F25B}.Debug|ARM.ActiveCfg = Debug|Any CPU
		{F0868DAB-EC9F-4B4F-88D2-E1147319F25B}.Debug|ARM.Build.0 = Debug|Any CPU
		{F0868DAB-EC9F-4B4F-88D2-E1147319F25B}.Debug|x64.ActiveCfg = Debug|Any CPU
		{F0868DAB-EC9F-4B4F-88D2-E1147319F25B}.Debug|x64.Build.0 = Debug|Any CPU
		{F0868DAB-EC9F-4B4F-88D2-E1147319F25B}.Debug|x86.ActiveCfg = Debug|Any CPU
		{F0868DAB-EC9F-4B4F-88D2-E1147319F25B}.Debug|x86.Build.0 = Debug|Any CPU
		{F0868DAB-EC9F-4B4F-88D2-E1147319F25B}.Release|Any CPU.ActiveCfg = Release|Any CPU
		{F0868DAB-EC9F-4B4F-88D2-E1147319F25B}.Release|Any CPU.Build.0 = Release|Any CPU
		{F0868DAB-EC9F-4B4F-88D2-E1147319F25B}.Release|ARM.ActiveCfg = Release|Any CPU
		{F0868DAB-EC9F-4B4F-88D2-E1147319F25B}.Release|ARM.Build.0 = Release|Any CPU
		{F0868DAB-EC9F-4B4F-88D2-E1147319F25B}.Release|x64.ActiveCfg = Release|Any CPU
		{F0868DAB-EC9F-4B4F-88D2-E1147319F25B}.Release|x64.Build.0 = Release|Any CPU
		{F0868DAB-EC9F-4B4F-88D2-E1147319F25B}.Release|x86.ActiveCfg = Release|Any CPU
		{F0868DAB-EC9F-4B4F-88D2-E1147319F25B}.Release|x86.Build.0 = Release|Any CPU
		{852D2DE2-FFC6-4351-BF56-2D73627C8B92}.Debug|Any CPU.ActiveCfg = Debug|Any CPU
		{852D2DE2-FFC6-4351-BF56-2D73627C8B92}.Debug|Any CPU.Build.0 = Debug|Any CPU
		{852D2DE2-FFC6-4351-BF56-2D73627C8B92}.Debug|ARM.ActiveCfg = Debug|Any CPU
		{852D2DE2-FFC6-4351-BF56-2D73627C8B92}.Debug|ARM.Build.0 = Debug|Any CPU
		{852D2DE2-FFC6-4351-BF56-2D73627C8B92}.Debug|x64.ActiveCfg = Debug|Any CPU
		{852D2DE2-FFC6-4351-BF56-2D73627C8B92}.Debug|x64.Build.0 = Debug|Any CPU
		{852D2DE2-FFC6-4351-BF56-2D73627C8B92}.Debug|x86.ActiveCfg = Debug|Any CPU
		{852D2DE2-FFC6-4351-BF56-2D73627C8B92}.Debug|x86.Build.0 = Debug|Any CPU
		{852D2DE2-FFC6-4351-BF56-2D73627C8B92}.Release|Any CPU.ActiveCfg = Release|Any CPU
		{852D2DE2-FFC6-4351-BF56-2D73627C8B92}.Release|Any CPU.Build.0 = Release|Any CPU
		{852D2DE2-FFC6-4351-BF56-2D73627C8B92}.Release|ARM.ActiveCfg = Release|Any CPU
		{852D2DE2-FFC6-4351-BF56-2D73627C8B92}.Release|ARM.Build.0 = Release|Any CPU
		{852D2DE2-FFC6-4351-BF56-2D73627C8B92}.Release|x64.ActiveCfg = Release|Any CPU
		{852D2DE2-FFC6-4351-BF56-2D73627C8B92}.Release|x64.Build.0 = Release|Any CPU
		{852D2DE2-FFC6-4351-BF56-2D73627C8B92}.Release|x86.ActiveCfg = Release|Any CPU
		{852D2DE2-FFC6-4351-BF56-2D73627C8B92}.Release|x86.Build.0 = Release|Any CPU
		{CA978572-88FE-42AF-AC30-2A7C2E01F9FE}.Debug|Any CPU.ActiveCfg = Debug|Any CPU
		{CA978572-88FE-42AF-AC30-2A7C2E01F9FE}.Debug|Any CPU.Build.0 = Debug|Any CPU
		{CA978572-88FE-42AF-AC30-2A7C2E01F9FE}.Debug|ARM.ActiveCfg = Debug|Any CPU
		{CA978572-88FE-42AF-AC30-2A7C2E01F9FE}.Debug|ARM.Build.0 = Debug|Any CPU
		{CA978572-88FE-42AF-AC30-2A7C2E01F9FE}.Debug|x64.ActiveCfg = Debug|Any CPU
		{CA978572-88FE-42AF-AC30-2A7C2E01F9FE}.Debug|x64.Build.0 = Debug|Any CPU
		{CA978572-88FE-42AF-AC30-2A7C2E01F9FE}.Debug|x86.ActiveCfg = Debug|Any CPU
		{CA978572-88FE-42AF-AC30-2A7C2E01F9FE}.Debug|x86.Build.0 = Debug|Any CPU
		{CA978572-88FE-42AF-AC30-2A7C2E01F9FE}.Release|Any CPU.ActiveCfg = Release|Any CPU
		{CA978572-88FE-42AF-AC30-2A7C2E01F9FE}.Release|Any CPU.Build.0 = Release|Any CPU
		{CA978572-88FE-42AF-AC30-2A7C2E01F9FE}.Release|ARM.ActiveCfg = Release|Any CPU
		{CA978572-88FE-42AF-AC30-2A7C2E01F9FE}.Release|ARM.Build.0 = Release|Any CPU
		{CA978572-88FE-42AF-AC30-2A7C2E01F9FE}.Release|x64.ActiveCfg = Release|Any CPU
		{CA978572-88FE-42AF-AC30-2A7C2E01F9FE}.Release|x64.Build.0 = Release|Any CPU
		{CA978572-88FE-42AF-AC30-2A7C2E01F9FE}.Release|x86.ActiveCfg = Release|Any CPU
		{CA978572-88FE-42AF-AC30-2A7C2E01F9FE}.Release|x86.Build.0 = Release|Any CPU
		{1C5EABCC-5032-443C-9E29-3FCE59F2D56A}.Debug|Any CPU.ActiveCfg = Debug|x86
		{1C5EABCC-5032-443C-9E29-3FCE59F2D56A}.Debug|ARM.ActiveCfg = Debug|ARM
		{1C5EABCC-5032-443C-9E29-3FCE59F2D56A}.Debug|ARM.Build.0 = Debug|ARM
		{1C5EABCC-5032-443C-9E29-3FCE59F2D56A}.Debug|ARM.Deploy.0 = Debug|ARM
		{1C5EABCC-5032-443C-9E29-3FCE59F2D56A}.Debug|x64.ActiveCfg = Debug|x64
		{1C5EABCC-5032-443C-9E29-3FCE59F2D56A}.Debug|x64.Build.0 = Debug|x64
		{1C5EABCC-5032-443C-9E29-3FCE59F2D56A}.Debug|x64.Deploy.0 = Debug|x64
		{1C5EABCC-5032-443C-9E29-3FCE59F2D56A}.Debug|x86.ActiveCfg = Debug|x86
		{1C5EABCC-5032-443C-9E29-3FCE59F2D56A}.Debug|x86.Build.0 = Debug|x86
		{1C5EABCC-5032-443C-9E29-3FCE59F2D56A}.Debug|x86.Deploy.0 = Debug|x86
		{1C5EABCC-5032-443C-9E29-3FCE59F2D56A}.Release|Any CPU.ActiveCfg = Release|x86
		{1C5EABCC-5032-443C-9E29-3FCE59F2D56A}.Release|ARM.ActiveCfg = Release|ARM
		{1C5EABCC-5032-443C-9E29-3FCE59F2D56A}.Release|ARM.Build.0 = Release|ARM
		{1C5EABCC-5032-443C-9E29-3FCE59F2D56A}.Release|ARM.Deploy.0 = Release|ARM
		{1C5EABCC-5032-443C-9E29-3FCE59F2D56A}.Release|x64.ActiveCfg = Release|x64
		{1C5EABCC-5032-443C-9E29-3FCE59F2D56A}.Release|x64.Build.0 = Release|x64
		{1C5EABCC-5032-443C-9E29-3FCE59F2D56A}.Release|x64.Deploy.0 = Release|x64
		{1C5EABCC-5032-443C-9E29-3FCE59F2D56A}.Release|x86.ActiveCfg = Release|x86
		{1C5EABCC-5032-443C-9E29-3FCE59F2D56A}.Release|x86.Build.0 = Release|x86
		{1C5EABCC-5032-443C-9E29-3FCE59F2D56A}.Release|x86.Deploy.0 = Release|x86
		{AF5FF1E7-AB58-4888-ADC3-B05A6F038DC8}.Debug|Any CPU.ActiveCfg = Debug|Any CPU
		{AF5FF1E7-AB58-4888-ADC3-B05A6F038DC8}.Debug|Any CPU.Build.0 = Debug|Any CPU
		{AF5FF1E7-AB58-4888-ADC3-B05A6F038DC8}.Debug|ARM.ActiveCfg = Debug|ARM
		{AF5FF1E7-AB58-4888-ADC3-B05A6F038DC8}.Debug|ARM.Build.0 = Debug|ARM
		{AF5FF1E7-AB58-4888-ADC3-B05A6F038DC8}.Debug|x64.ActiveCfg = Debug|x64
		{AF5FF1E7-AB58-4888-ADC3-B05A6F038DC8}.Debug|x64.Build.0 = Debug|x64
		{AF5FF1E7-AB58-4888-ADC3-B05A6F038DC8}.Debug|x86.ActiveCfg = Debug|x86
		{AF5FF1E7-AB58-4888-ADC3-B05A6F038DC8}.Debug|x86.Build.0 = Debug|x86
		{AF5FF1E7-AB58-4888-ADC3-B05A6F038DC8}.Release|Any CPU.ActiveCfg = Release|Any CPU
		{AF5FF1E7-AB58-4888-ADC3-B05A6F038DC8}.Release|Any CPU.Build.0 = Release|Any CPU
		{AF5FF1E7-AB58-4888-ADC3-B05A6F038DC8}.Release|ARM.ActiveCfg = Release|ARM
		{AF5FF1E7-AB58-4888-ADC3-B05A6F038DC8}.Release|ARM.Build.0 = Release|ARM
		{AF5FF1E7-AB58-4888-ADC3-B05A6F038DC8}.Release|x64.ActiveCfg = Release|x64
		{AF5FF1E7-AB58-4888-ADC3-B05A6F038DC8}.Release|x64.Build.0 = Release|x64
		{AF5FF1E7-AB58-4888-ADC3-B05A6F038DC8}.Release|x86.ActiveCfg = Release|x86
		{AF5FF1E7-AB58-4888-ADC3-B05A6F038DC8}.Release|x86.Build.0 = Release|x86
		{82C6473D-A67C-4F91-964D-6FD94A9E170E}.Debug|Any CPU.ActiveCfg = Debug|Any CPU
		{82C6473D-A67C-4F91-964D-6FD94A9E170E}.Debug|Any CPU.Build.0 = Debug|Any CPU
		{82C6473D-A67C-4F91-964D-6FD94A9E170E}.Debug|ARM.ActiveCfg = Debug|ARM
		{82C6473D-A67C-4F91-964D-6FD94A9E170E}.Debug|ARM.Build.0 = Debug|ARM
		{82C6473D-A67C-4F91-964D-6FD94A9E170E}.Debug|x64.ActiveCfg = Debug|x64
		{82C6473D-A67C-4F91-964D-6FD94A9E170E}.Debug|x64.Build.0 = Debug|x64
		{82C6473D-A67C-4F91-964D-6FD94A9E170E}.Debug|x86.ActiveCfg = Debug|x86
		{82C6473D-A67C-4F91-964D-6FD94A9E170E}.Debug|x86.Build.0 = Debug|x86
		{82C6473D-A67C-4F91-964D-6FD94A9E170E}.Release|Any CPU.ActiveCfg = Release|Any CPU
		{82C6473D-A67C-4F91-964D-6FD94A9E170E}.Release|Any CPU.Build.0 = Release|Any CPU
		{82C6473D-A67C-4F91-964D-6FD94A9E170E}.Release|ARM.ActiveCfg = Release|ARM
		{82C6473D-A67C-4F91-964D-6FD94A9E170E}.Release|ARM.Build.0 = Release|ARM
		{82C6473D-A67C-4F91-964D-6FD94A9E170E}.Release|x64.ActiveCfg = Release|x64
		{82C6473D-A67C-4F91-964D-6FD94A9E170E}.Release|x64.Build.0 = Release|x64
		{82C6473D-A67C-4F91-964D-6FD94A9E170E}.Release|x86.ActiveCfg = Release|x86
		{82C6473D-A67C-4F91-964D-6FD94A9E170E}.Release|x86.Build.0 = Release|x86
		{D089D46D-8CC2-4C81-9A08-08529C5FD3BB}.Debug|Any CPU.ActiveCfg = Debug|Any CPU
		{D089D46D-8CC2-4C81-9A08-08529C5FD3BB}.Debug|Any CPU.Build.0 = Debug|Any CPU
		{D089D46D-8CC2-4C81-9A08-08529C5FD3BB}.Debug|ARM.ActiveCfg = Debug|Any CPU
		{D089D46D-8CC2-4C81-9A08-08529C5FD3BB}.Debug|ARM.Build.0 = Debug|Any CPU
		{D089D46D-8CC2-4C81-9A08-08529C5FD3BB}.Debug|x64.ActiveCfg = Debug|Any CPU
		{D089D46D-8CC2-4C81-9A08-08529C5FD3BB}.Debug|x64.Build.0 = Debug|Any CPU
		{D089D46D-8CC2-4C81-9A08-08529C5FD3BB}.Debug|x86.ActiveCfg = Debug|Any CPU
		{D089D46D-8CC2-4C81-9A08-08529C5FD3BB}.Debug|x86.Build.0 = Debug|Any CPU
		{D089D46D-8CC2-4C81-9A08-08529C5FD3BB}.Release|Any CPU.ActiveCfg = Release|Any CPU
		{D089D46D-8CC2-4C81-9A08-08529C5FD3BB}.Release|Any CPU.Build.0 = Release|Any CPU
		{D089D46D-8CC2-4C81-9A08-08529C5FD3BB}.Release|ARM.ActiveCfg = Release|Any CPU
		{D089D46D-8CC2-4C81-9A08-08529C5FD3BB}.Release|ARM.Build.0 = Release|Any CPU
		{D089D46D-8CC2-4C81-9A08-08529C5FD3BB}.Release|x64.ActiveCfg = Release|Any CPU
		{D089D46D-8CC2-4C81-9A08-08529C5FD3BB}.Release|x64.Build.0 = Release|Any CPU
		{D089D46D-8CC2-4C81-9A08-08529C5FD3BB}.Release|x86.ActiveCfg = Release|Any CPU
		{D089D46D-8CC2-4C81-9A08-08529C5FD3BB}.Release|x86.Build.0 = Release|Any CPU
		{DB87A6DD-6626-4B72-BD03-D14DF72C2CD1}.Debug|Any CPU.ActiveCfg = Debug|Any CPU
		{DB87A6DD-6626-4B72-BD03-D14DF72C2CD1}.Debug|Any CPU.Build.0 = Debug|Any CPU
		{DB87A6DD-6626-4B72-BD03-D14DF72C2CD1}.Debug|ARM.ActiveCfg = Debug|Any CPU
		{DB87A6DD-6626-4B72-BD03-D14DF72C2CD1}.Debug|ARM.Build.0 = Debug|Any CPU
		{DB87A6DD-6626-4B72-BD03-D14DF72C2CD1}.Debug|x64.ActiveCfg = Debug|Any CPU
		{DB87A6DD-6626-4B72-BD03-D14DF72C2CD1}.Debug|x64.Build.0 = Debug|Any CPU
		{DB87A6DD-6626-4B72-BD03-D14DF72C2CD1}.Debug|x86.ActiveCfg = Debug|Any CPU
		{DB87A6DD-6626-4B72-BD03-D14DF72C2CD1}.Debug|x86.Build.0 = Debug|Any CPU
		{DB87A6DD-6626-4B72-BD03-D14DF72C2CD1}.Release|Any CPU.ActiveCfg = Release|Any CPU
		{DB87A6DD-6626-4B72-BD03-D14DF72C2CD1}.Release|Any CPU.Build.0 = Release|Any CPU
		{DB87A6DD-6626-4B72-BD03-D14DF72C2CD1}.Release|ARM.ActiveCfg = Release|Any CPU
		{DB87A6DD-6626-4B72-BD03-D14DF72C2CD1}.Release|ARM.Build.0 = Release|Any CPU
		{DB87A6DD-6626-4B72-BD03-D14DF72C2CD1}.Release|x64.ActiveCfg = Release|Any CPU
		{DB87A6DD-6626-4B72-BD03-D14DF72C2CD1}.Release|x64.Build.0 = Release|Any CPU
		{DB87A6DD-6626-4B72-BD03-D14DF72C2CD1}.Release|x86.ActiveCfg = Release|Any CPU
		{DB87A6DD-6626-4B72-BD03-D14DF72C2CD1}.Release|x86.Build.0 = Release|Any CPU
		{7D5E34E0-91AE-4EA0-8D97-CA6C90453E62}.Debug|Any CPU.ActiveCfg = Debug|Any CPU
		{7D5E34E0-91AE-4EA0-8D97-CA6C90453E62}.Debug|Any CPU.Build.0 = Debug|Any CPU
		{7D5E34E0-91AE-4EA0-8D97-CA6C90453E62}.Debug|ARM.ActiveCfg = Debug|Any CPU
		{7D5E34E0-91AE-4EA0-8D97-CA6C90453E62}.Debug|ARM.Build.0 = Debug|Any CPU
		{7D5E34E0-91AE-4EA0-8D97-CA6C90453E62}.Debug|x64.ActiveCfg = Debug|Any CPU
		{7D5E34E0-91AE-4EA0-8D97-CA6C90453E62}.Debug|x64.Build.0 = Debug|Any CPU
		{7D5E34E0-91AE-4EA0-8D97-CA6C90453E62}.Debug|x86.ActiveCfg = Debug|Any CPU
		{7D5E34E0-91AE-4EA0-8D97-CA6C90453E62}.Debug|x86.Build.0 = Debug|Any CPU
		{7D5E34E0-91AE-4EA0-8D97-CA6C90453E62}.Release|Any CPU.ActiveCfg = Release|Any CPU
		{7D5E34E0-91AE-4EA0-8D97-CA6C90453E62}.Release|Any CPU.Build.0 = Release|Any CPU
		{7D5E34E0-91AE-4EA0-8D97-CA6C90453E62}.Release|ARM.ActiveCfg = Release|Any CPU
		{7D5E34E0-91AE-4EA0-8D97-CA6C90453E62}.Release|ARM.Build.0 = Release|Any CPU
		{7D5E34E0-91AE-4EA0-8D97-CA6C90453E62}.Release|x64.ActiveCfg = Release|Any CPU
		{7D5E34E0-91AE-4EA0-8D97-CA6C90453E62}.Release|x64.Build.0 = Release|Any CPU
		{7D5E34E0-91AE-4EA0-8D97-CA6C90453E62}.Release|x86.ActiveCfg = Release|Any CPU
		{7D5E34E0-91AE-4EA0-8D97-CA6C90453E62}.Release|x86.Build.0 = Release|Any CPU
		{63ACA4E4-F730-4326-ABC1-DAE647F247AA}.Debug|Any CPU.ActiveCfg = Debug|Any CPU
		{63ACA4E4-F730-4326-ABC1-DAE647F247AA}.Debug|Any CPU.Build.0 = Debug|Any CPU
		{63ACA4E4-F730-4326-ABC1-DAE647F247AA}.Debug|ARM.ActiveCfg = Debug|Any CPU
		{63ACA4E4-F730-4326-ABC1-DAE647F247AA}.Debug|ARM.Build.0 = Debug|Any CPU
		{63ACA4E4-F730-4326-ABC1-DAE647F247AA}.Debug|x64.ActiveCfg = Debug|Any CPU
		{63ACA4E4-F730-4326-ABC1-DAE647F247AA}.Debug|x64.Build.0 = Debug|Any CPU
		{63ACA4E4-F730-4326-ABC1-DAE647F247AA}.Debug|x86.ActiveCfg = Debug|Any CPU
		{63ACA4E4-F730-4326-ABC1-DAE647F247AA}.Debug|x86.Build.0 = Debug|Any CPU
		{63ACA4E4-F730-4326-ABC1-DAE647F247AA}.Release|Any CPU.ActiveCfg = Release|Any CPU
		{63ACA4E4-F730-4326-ABC1-DAE647F247AA}.Release|Any CPU.Build.0 = Release|Any CPU
		{63ACA4E4-F730-4326-ABC1-DAE647F247AA}.Release|ARM.ActiveCfg = Release|Any CPU
		{63ACA4E4-F730-4326-ABC1-DAE647F247AA}.Release|ARM.Build.0 = Release|Any CPU
		{63ACA4E4-F730-4326-ABC1-DAE647F247AA}.Release|x64.ActiveCfg = Release|Any CPU
		{63ACA4E4-F730-4326-ABC1-DAE647F247AA}.Release|x64.Build.0 = Release|Any CPU
		{63ACA4E4-F730-4326-ABC1-DAE647F247AA}.Release|x86.ActiveCfg = Release|Any CPU
		{63ACA4E4-F730-4326-ABC1-DAE647F247AA}.Release|x86.Build.0 = Release|Any CPU
		{B806CA82-A7D9-4D75-AE8A-5ADF9E37A93B}.Debug|Any CPU.ActiveCfg = Debug|Any CPU
		{B806CA82-A7D9-4D75-AE8A-5ADF9E37A93B}.Debug|Any CPU.Build.0 = Debug|Any CPU
		{B806CA82-A7D9-4D75-AE8A-5ADF9E37A93B}.Debug|ARM.ActiveCfg = Debug|Any CPU
		{B806CA82-A7D9-4D75-AE8A-5ADF9E37A93B}.Debug|ARM.Build.0 = Debug|Any CPU
		{B806CA82-A7D9-4D75-AE8A-5ADF9E37A93B}.Debug|x64.ActiveCfg = Debug|Any CPU
		{B806CA82-A7D9-4D75-AE8A-5ADF9E37A93B}.Debug|x64.Build.0 = Debug|Any CPU
		{B806CA82-A7D9-4D75-AE8A-5ADF9E37A93B}.Debug|x86.ActiveCfg = Debug|Any CPU
		{B806CA82-A7D9-4D75-AE8A-5ADF9E37A93B}.Debug|x86.Build.0 = Debug|Any CPU
		{B806CA82-A7D9-4D75-AE8A-5ADF9E37A93B}.Release|Any CPU.ActiveCfg = Release|Any CPU
		{B806CA82-A7D9-4D75-AE8A-5ADF9E37A93B}.Release|Any CPU.Build.0 = Release|Any CPU
		{B806CA82-A7D9-4D75-AE8A-5ADF9E37A93B}.Release|ARM.ActiveCfg = Release|Any CPU
		{B806CA82-A7D9-4D75-AE8A-5ADF9E37A93B}.Release|ARM.Build.0 = Release|Any CPU
		{B806CA82-A7D9-4D75-AE8A-5ADF9E37A93B}.Release|x64.ActiveCfg = Release|Any CPU
		{B806CA82-A7D9-4D75-AE8A-5ADF9E37A93B}.Release|x64.Build.0 = Release|Any CPU
		{B806CA82-A7D9-4D75-AE8A-5ADF9E37A93B}.Release|x86.ActiveCfg = Release|Any CPU
		{B806CA82-A7D9-4D75-AE8A-5ADF9E37A93B}.Release|x86.Build.0 = Release|Any CPU
		{E0E23763-9020-4DA0-9839-49D64E88AF03}.Debug|Any CPU.ActiveCfg = Debug|Any CPU
		{E0E23763-9020-4DA0-9839-49D64E88AF03}.Debug|Any CPU.Build.0 = Debug|Any CPU
		{E0E23763-9020-4DA0-9839-49D64E88AF03}.Debug|ARM.ActiveCfg = Debug|Any CPU
		{E0E23763-9020-4DA0-9839-49D64E88AF03}.Debug|ARM.Build.0 = Debug|Any CPU
		{E0E23763-9020-4DA0-9839-49D64E88AF03}.Debug|x64.ActiveCfg = Debug|Any CPU
		{E0E23763-9020-4DA0-9839-49D64E88AF03}.Debug|x64.Build.0 = Debug|Any CPU
		{E0E23763-9020-4DA0-9839-49D64E88AF03}.Debug|x86.ActiveCfg = Debug|Any CPU
		{E0E23763-9020-4DA0-9839-49D64E88AF03}.Debug|x86.Build.0 = Debug|Any CPU
		{E0E23763-9020-4DA0-9839-49D64E88AF03}.Release|Any CPU.ActiveCfg = Release|Any CPU
		{E0E23763-9020-4DA0-9839-49D64E88AF03}.Release|Any CPU.Build.0 = Release|Any CPU
		{E0E23763-9020-4DA0-9839-49D64E88AF03}.Release|ARM.ActiveCfg = Release|Any CPU
		{E0E23763-9020-4DA0-9839-49D64E88AF03}.Release|ARM.Build.0 = Release|Any CPU
		{E0E23763-9020-4DA0-9839-49D64E88AF03}.Release|x64.ActiveCfg = Release|Any CPU
		{E0E23763-9020-4DA0-9839-49D64E88AF03}.Release|x64.Build.0 = Release|Any CPU
		{E0E23763-9020-4DA0-9839-49D64E88AF03}.Release|x86.ActiveCfg = Release|Any CPU
		{E0E23763-9020-4DA0-9839-49D64E88AF03}.Release|x86.Build.0 = Release|Any CPU
		{70F742AA-404E-4480-85AF-99556D58937F}.Debug|Any CPU.ActiveCfg = Debug|Any CPU
		{70F742AA-404E-4480-85AF-99556D58937F}.Debug|Any CPU.Build.0 = Debug|Any CPU
		{70F742AA-404E-4480-85AF-99556D58937F}.Debug|ARM.ActiveCfg = Debug|Any CPU
		{70F742AA-404E-4480-85AF-99556D58937F}.Debug|ARM.Build.0 = Debug|Any CPU
		{70F742AA-404E-4480-85AF-99556D58937F}.Debug|x64.ActiveCfg = Debug|Any CPU
		{70F742AA-404E-4480-85AF-99556D58937F}.Debug|x64.Build.0 = Debug|Any CPU
		{70F742AA-404E-4480-85AF-99556D58937F}.Debug|x86.ActiveCfg = Debug|Any CPU
		{70F742AA-404E-4480-85AF-99556D58937F}.Debug|x86.Build.0 = Debug|Any CPU
		{70F742AA-404E-4480-85AF-99556D58937F}.Release|Any CPU.ActiveCfg = Release|Any CPU
		{70F742AA-404E-4480-85AF-99556D58937F}.Release|Any CPU.Build.0 = Release|Any CPU
		{70F742AA-404E-4480-85AF-99556D58937F}.Release|ARM.ActiveCfg = Release|Any CPU
		{70F742AA-404E-4480-85AF-99556D58937F}.Release|ARM.Build.0 = Release|Any CPU
		{70F742AA-404E-4480-85AF-99556D58937F}.Release|x64.ActiveCfg = Release|Any CPU
		{70F742AA-404E-4480-85AF-99556D58937F}.Release|x64.Build.0 = Release|Any CPU
		{70F742AA-404E-4480-85AF-99556D58937F}.Release|x86.ActiveCfg = Release|Any CPU
		{70F742AA-404E-4480-85AF-99556D58937F}.Release|x86.Build.0 = Release|Any CPU
	EndGlobalSection
	GlobalSection(SolutionProperties) = preSolution
		HideSolutionNode = FALSE
	EndGlobalSection
	GlobalSection(NestedProjects) = preSolution
		{20EDF188-67AE-419A-BF0D-5866417016CF} = {3E2CD666-C43F-4F6C-8F17-8E47CE0D88ED}
		{53C4EEED-C357-4135-8684-2D61D5BBD7B6} = {BB32A255-7714-420F-BE59-1461CB11822F}
		{F0868DAB-EC9F-4B4F-88D2-E1147319F25B} = {3E2CD666-C43F-4F6C-8F17-8E47CE0D88ED}
		{852D2DE2-FFC6-4351-BF56-2D73627C8B92} = {3E2CD666-C43F-4F6C-8F17-8E47CE0D88ED}
		{CA978572-88FE-42AF-AC30-2A7C2E01F9FE} = {3E2CD666-C43F-4F6C-8F17-8E47CE0D88ED}
		{CC8E13B4-8CAB-4B66-8A7D-C628F13C1879} = {158D4ED0-7CF2-4710-BFDA-24B841887D14}
		{1C5EABCC-5032-443C-9E29-3FCE59F2D56A} = {CC8E13B4-8CAB-4B66-8A7D-C628F13C1879}
		{AF5FF1E7-AB58-4888-ADC3-B05A6F038DC8} = {CC8E13B4-8CAB-4B66-8A7D-C628F13C1879}
		{82C6473D-A67C-4F91-964D-6FD94A9E170E} = {CC8E13B4-8CAB-4B66-8A7D-C628F13C1879}
		{D089D46D-8CC2-4C81-9A08-08529C5FD3BB} = {BB32A255-7714-420F-BE59-1461CB11822F}
		{DB87A6DD-6626-4B72-BD03-D14DF72C2CD1} = {158D4ED0-7CF2-4710-BFDA-24B841887D14}
		{7D5E34E0-91AE-4EA0-8D97-CA6C90453E62} = {BB32A255-7714-420F-BE59-1461CB11822F}
		{63ACA4E4-F730-4326-ABC1-DAE647F247AA} = {158D4ED0-7CF2-4710-BFDA-24B841887D14}
		{B806CA82-A7D9-4D75-AE8A-5ADF9E37A93B} = {158D4ED0-7CF2-4710-BFDA-24B841887D14}
		{E0E23763-9020-4DA0-9839-49D64E88AF03} = {158D4ED0-7CF2-4710-BFDA-24B841887D14}
		{70F742AA-404E-4480-85AF-99556D58937F} = {158D4ED0-7CF2-4710-BFDA-24B841887D14}
	EndGlobalSection
EndGlobal
